
Microsoft Visual Studio Solution File, Format Version 12.00
# Visual Studio Version 17
VisualStudioVersion = 17.0.31912.275
MinimumVisualStudioVersion = 10.0.40219.1
Project("{FAE04EC0-301F-11D3-BF4B-00C04F79EFBC}") = "D2T1", "D2T1.csproj", "{C6E7F265-6F15-4BF2-9749-3FD2CBB0E156}"
EndProject
Global
	GlobalSection(SolutionConfigurationPlatforms) = preSolution
		Debug|Any CPU = Debug|Any CPU
		Release|Any CPU = Release|Any CPU
	EndGlobalSection
	GlobalSection(ProjectConfigurationPlatforms) = postSolution
		{C6E7F265-6F15-4BF2-9749-3FD2CBB0E156}.Debug|Any CPU.ActiveCfg = Debug|Any CPU
		{C6E7F265-6F15-4BF2-9749-3FD2CBB0E156}.Debug|Any CPU.Build.0 = Debug|Any CPU
		{C6E7F265-6F15-4BF2-9749-3FD2CBB0E156}.Release|Any CPU.ActiveCfg = Release|Any CPU
		{C6E7F265-6F15-4BF2-9749-3FD2CBB0E156}.Release|Any CPU.Build.0 = Release|Any CPU
	EndGlobalSection
	GlobalSection(SolutionProperties) = preSolution
		HideSolutionNode = FALSE
	EndGlobalSection
	GlobalSection(ExtensibilityGlobals) = postSolution
		SolutionGuid = {EE131E28-D632-4951-AAF6-72ADDEE243E9}
	EndGlobalSection
EndGlobal
